Microsoft Visual Studio Solution File, Format Version 12.00
# Visual Studio Version 17
VisualStudioVersion = 17.13.35913.81
MinimumVisualStudioVersion = 10.0.40219.1
Project("{888888A0-9F3D-457C-B088-3A5042F75D52}") = "AWAS-Website-Frontend", "AWAS-Website-Frontend\AWAS-Website-Frontend.pyproj", "{5CA92305-29E1-4201-9855-A268E631847B}"
EndProject
Global
	GlobalSection(SolutionConfigurationPlatforms) = preSolution
		Debug|Any CPU = Debug|Any CPU
		Release|Any CPU = Release|Any CPU
	EndGlobalSection
	GlobalSection(ProjectConfigurationPlatforms) = postSolution
		{5CA92305-29E1-4201-9855-A268E631847B}.Debug|Any CPU.ActiveCfg = Debug|Any CPU
		{5CA92305-29E1-4201-9855-A268E631847B}.Release|Any CPU.ActiveCfg = Release|Any CPU
	EndGlobalSection
	GlobalSection(SolutionProperties) = preSolution
		HideSolutionNode = FALSE
	EndGlobalSection
	GlobalSection(ExtensibilityGlobals) = postSolution
		SolutionGuid = {7ED431A3-CF68-49BF-B94A-D61004561B51}
	EndGlobalSection
EndGlobal
